
Microsoft Visual Studio Solution File, Format Version 12.00
# Visual Studio Version 16
VisualStudioVersion = 16.0.31410.357
MinimumVisualStudioVersion = 10.0.40219.1
Project("{FAE04EC0-301F-11D3-BF4B-00C04F79EFBC}") = "easeYARA", "easeYARA.csproj", "{2FA12637-EC4B-4F12-B3F7-4C70E49343CB}"
EndProject
Global
	GlobalSection(SolutionConfigurationPlatforms) = preSolution
		Debug|Any CPU = Debug|Any CPU
		Release|Any CPU = Release|Any CPU
	EndGlobalSection
	GlobalSection(ProjectConfigurationPlatforms) = postSolution
		{2FA12637-EC4B-4F12-B3F7-4C70E49343CB}.Debug|Any CPU.ActiveCfg = Debug|Any CPU
		{2FA12637-EC4B-4F12-B3F7-4C70E49343CB}.Debug|Any CPU.Build.0 = Debug|Any CPU
		{2FA12637-EC4B-4F12-B3F7-4C70E49343CB}.Release|Any CPU.ActiveCfg = Release|Any CPU
		{2FA12637-EC4B-4F12-B3F7-4C70E49343CB}.Release|Any CPU.Build.0 = Release|Any CPU
	EndGlobalSection
	GlobalSection(SolutionProperties) = preSolution
		HideSolutionNode = FALSE
	EndGlobalSection
	GlobalSection(ExtensibilityGlobals) = postSolution
		SolutionGuid = {7EB1AD48-7949-4969-94BA-0A3A282A494C}
	EndGlobalSection
EndGlobal
